
Microsoft Visual Studio Solution File, Format Version 12.00
# Visual Studio Version 17
VisualStudioVersion = 17.2.32602.215
MinimumVisualStudioVersion = 10.0.40219.1
Project("{FAE04EC0-301F-11D3-BF4B-00C04F79EFBC}") = "1 or 2000", "1 or 2000\1 or 2000.csproj", "{4DA56E89-C205-448D-9E23-3D46353D36FD}"
EndProject
Global
	GlobalSection(SolutionConfigurationPlatforms) = preSolution
		Debug|Any CPU = Debug|Any CPU
		Release|Any CPU = Release|Any CPU
	EndGlobalSection
	GlobalSection(ProjectConfigurationPlatforms) = postSolution
		{4DA56E89-C205-448D-9E23-3D46353D36FD}.Debug|Any CPU.ActiveCfg = Debug|Any CPU
		{4DA56E89-C205-448D-9E23-3D46353D36FD}.Debug|Any CPU.Build.0 = Debug|Any CPU
		{4DA56E89-C205-448D-9E23-3D46353D36FD}.Release|Any CPU.ActiveCfg = Release|Any CPU
		{4DA56E89-C205-448D-9E23-3D46353D36FD}.Release|Any CPU.Build.0 = Release|Any CPU
	EndGlobalSection
	GlobalSection(SolutionProperties) = preSolution
		HideSolutionNode = FALSE
	EndGlobalSection
	GlobalSection(ExtensibilityGlobals) = postSolution
		SolutionGuid = {DCF49209-222E-48C3-A0E8-AB8F88AD5797}
	EndGlobalSection
EndGlobal
